{"1.1.0",
[{<<"cowboy">>,
  {git,"https://github.com/ninenines/cowboy",
       {ref,"44d96ed9be3818f5540a16117223c505800dcc21"}},
  0},
 {<<"cowlib">>,
  {git,"https://github.com/ninenines/cowlib",
       {ref,"61821cee0e8272430c003cb2393244a836754b1a"}},
  1},
 {<<"cqerl">>,
  {git,"https://github.com/matehat/cqerl.git",
       {ref,"1bb6844e50ca6aa44d1db9c126ba09850ee75bd0"}},
  0},
 {<<"goldrush">>,{pkg,<<"goldrush">>,<<"0.1.9">>},1},
 {<<"lager">>,{pkg,<<"lager">>,<<"3.5.1">>},0},
 {<<"lz4">>,
  {git,"https://github.com/szktty/erlang-lz4.git",
       {ref,"6bc5efe93bab327788bcde24374f16044b549dd8"}},
  0},
 {<<"pooler">>,
  {git,"https://github.com/seth/pooler",
       {ref,"521f568bf9a2ccbe7c7e0fc23f24cd06ec559b79"}},
  0},
 {<<"quickrand">>,
  {git,"https://github.com/okeuday/quickrand.git",
       {ref,"1c60daa4b0edcec0a6b8310443574baac962ea88"}},
  1},
 {<<"ranch">>,
  {git,"https://github.com/ninenines/ranch",
       {ref,"55c2a9d623454f372a15e99721a37093d8773b48"}},
  1},
 {<<"re2">>,
  {git,"https://github.com/tuncer/re2.git",
       {ref,"71e3ebae754e2b05864442dc9329dc537e5b3641"}},
  1},
 {<<"semver">>,
  {git,"https://github.com/nebularis/semver.git",
       {ref,"c7d509f38298ec6594be4efdcd8a8f2322760039"}},
  1},
 {<<"snappy">>,
  {git,"https://github.com/fdmanana/snappy-erlang-nif.git",
       {ref,"c4cd1bb35f3a3a399737d64bd03b479817b90e75"}},
  1},
 {<<"uuid">>,
  {git,"https://github.com/okeuday/uuid",
       {ref,"23167ed8689f656ea6765572215a40b9856d7886"}},
  0}]}.
[
{pkg_hash,[
 {<<"goldrush">>, <<"F06E5D5F1277DA5C413E84D5A2924174182FB108DABB39D5EC548B27424CD106">>},
 {<<"lager">>, <<"63897A61AF646C59BB928FEE9756CE8BDD02D5A1A2F3551D4A5E38386C2CC071">>}]}
].
